
Microsoft Visual Studio Solution File, Format Version 11.00
# Visual Studio 2010
Project("{FAE04EC0-301F-11D3-BF4B-00C04F79EFBC}") = "se320final", "Assembly-CSharp-firstpass.csproj", "{C18D6563-07ED-F0D7-2C5B-45276B68DF75}"
EndProject
Project("{FAE04EC0-301F-11D3-BF4B-00C04F79EFBC}") = "se320final", "Assembly-CSharp.csproj", "{A4DBC9CC-2A3E-C859-5111-517F4F727054}"
EndProject
Project("{FAE04EC0-301F-11D3-BF4B-00C04F79EFBC}") = "se320final", "Assembly-CSharp-Editor-firstpass.csproj", "{B82E5763-1EFA-00B0-7E38-75C42E415361}"
EndProject
Global
	GlobalSection(SolutionConfigurationPlatforms) = preSolution
		Debug|Any CPU = Debug|Any CPU
		Release|Any CPU = Release|Any CPU
	EndGlobalSection
	GlobalSection(ProjectConfigurationPlatforms) = postSolution
		{C18D6563-07ED-F0D7-2C5B-45276B68DF75}.Debug|Any CPU.ActiveCfg = Debug|Any CPU
		{C18D6563-07ED-F0D7-2C5B-45276B68DF75}.Debug|Any CPU.Build.0 = Debug|Any CPU
		{C18D6563-07ED-F0D7-2C5B-45276B68DF75}.Release|Any CPU.ActiveCfg = Release|Any CPU
		{C18D6563-07ED-F0D7-2C5B-45276B68DF75}.Release|Any CPU.Build.0 = Release|Any CPU
		{A4DBC9CC-2A3E-C859-5111-517F4F727054}.Debug|Any CPU.ActiveCfg = Debug|Any CPU
		{A4DBC9CC-2A3E-C859-5111-517F4F727054}.Debug|Any CPU.Build.0 = Debug|Any CPU
		{A4DBC9CC-2A3E-C859-5111-517F4F727054}.Release|Any CPU.ActiveCfg = Release|Any CPU
		{A4DBC9CC-2A3E-C859-5111-517F4F727054}.Release|Any CPU.Build.0 = Release|Any CPU
		{B82E5763-1EFA-00B0-7E38-75C42E415361}.Debug|Any CPU.ActiveCfg = Debug|Any CPU
		{B82E5763-1EFA-00B0-7E38-75C42E415361}.Debug|Any CPU.Build.0 = Debug|Any CPU
		{B82E5763-1EFA-00B0-7E38-75C42E415361}.Release|Any CPU.ActiveCfg = Release|Any CPU
		{B82E5763-1EFA-00B0-7E38-75C42E415361}.Release|Any CPU.Build.0 = Release|Any CPU
	EndGlobalSection
	GlobalSection(SolutionProperties) = preSolution
		HideSolutionNode = FALSE
	EndGlobalSection
	GlobalSection(MonoDevelopProperties) = preSolution
		StartupItem = Assembly-CSharp.csproj
	EndGlobalSection
EndGlobal
